
Microsoft Visual Studio Solution File, Format Version 12.00
# Visual Studio Version 16
VisualStudioVersion = 16.0.29806.167
MinimumVisualStudioVersion = 10.0.40219.1
Project("{9A19103F-16F7-4668-BE54-9A1E7A4F7556}") = "EGID.Web", "src\Web\EGID.Web.csproj", "{06C079C2-2FAA-4A4F-9A74-3480017BAA68}"
EndProject
Project("{9A19103F-16F7-4668-BE54-9A1E7A4F7556}") = "EGID.Common", "src\Common\EGID.Common.csproj", "{7E0B6633-DD3C-4A9D-B96E-6629A247122C}"
EndProject
Project("{9A19103F-16F7-4668-BE54-9A1E7A4F7556}") = "EGID.Domain", "src\Domain\EGID.Domain.csproj", "{B1C534AD-8018-45DA-8E2B-33DE87515DE2}"
EndProject
Project("{9A19103F-16F7-4668-BE54-9A1E7A4F7556}") = "EGID.Data", "src\Data\EGID.Data.csproj", "{E20A5397-1765-46BB-A64C-2BEED2647518}"
EndProject
Project("{9A19103F-16F7-4668-BE54-9A1E7A4F7556}") = "EGID.Infrastructure", "src\Infrastructure\EGID.Infrastructure.csproj", "{688054A3-494E-4DE4-B138-ADAE6A787345}"
EndProject
Project("{2150E333-8FDC-42A3-9474-1A3956D46DE8}") = "0. Cross Cutting", "0. Cross Cutting", "{9361E7EB-EF8A-43DE-9958-1F62458E3878}"
EndProject
Project("{2150E333-8FDC-42A3-9474-1A3956D46DE8}") = "1. Domain Layer", "1. Domain Layer", "{F6D12BF0-F835-46B6-9448-627B5136AFC5}"
EndProject
Project("{2150E333-8FDC-42A3-9474-1A3956D46DE8}") = "3. Infrastructure Layer", "3. Infrastructure Layer", "{93E8D63A-2EFA-44D1-A91E-B6CC497EB471}"
EndProject
Project("{2150E333-8FDC-42A3-9474-1A3956D46DE8}") = "4. Web", "4. Web", "{B60A2676-DD1E-4894-B3E9-B7D4FC96923E}"
EndProject
Project("{2150E333-8FDC-42A3-9474-1A3956D46DE8}") = "2. Application Layer", "2. Application Layer", "{81AE9CBA-EF01-43DD-9049-54C4B949D1EF}"
EndProject
Project("{9A19103F-16F7-4668-BE54-9A1E7A4F7556}") = "EGID.Application", "src\Application\EGID.Application.csproj", "{D8C41C10-6F8A-4948-B761-FB45F579124D}"
EndProject
Project("{2150E333-8FDC-42A3-9474-1A3956D46DE8}") = "Tests", "Tests", "{F914A90C-2AEF-4BFA-B29A-97C8A93DB423}"
EndProject
Project("{FAE04EC0-301F-11D3-BF4B-00C04F79EFBC}") = "EGID.Infrastructure.Tests", "tests\Infrastructure.Tests\EGID.Infrastructure.Tests.csproj", "{2ED895FB-0451-40D9-A137-8EC20132295D}"
EndProject
Global
	GlobalSection(SolutionConfigurationPlatforms) = preSolution
		Debug|Any CPU = Debug|Any CPU
		Release|Any CPU = Release|Any CPU
	EndGlobalSection
	GlobalSection(ProjectConfigurationPlatforms) = postSolution
		{06C079C2-2FAA-4A4F-9A74-3480017BAA68}.Debug|Any CPU.ActiveCfg = Debug|Any CPU
		{06C079C2-2FAA-4A4F-9A74-3480017BAA68}.Debug|Any CPU.Build.0 = Debug|Any CPU
		{06C079C2-2FAA-4A4F-9A74-3480017BAA68}.Release|Any CPU.ActiveCfg = Release|Any CPU
		{06C079C2-2FAA-4A4F-9A74-3480017BAA68}.Release|Any CPU.Build.0 = Release|Any CPU
		{7E0B6633-DD3C-4A9D-B96E-6629A247122C}.Debug|Any CPU.ActiveCfg = Debug|Any CPU
		{7E0B6633-DD3C-4A9D-B96E-6629A247122C}.Debug|Any CPU.Build.0 = Debug|Any CPU
		{7E0B6633-DD3C-4A9D-B96E-6629A247122C}.Release|Any CPU.ActiveCfg = Release|Any CPU
		{7E0B6633-DD3C-4A9D-B96E-6629A247122C}.Release|Any CPU.Build.0 = Release|Any CPU
		{B1C534AD-8018-45DA-8E2B-33DE87515DE2}.Debug|Any CPU.ActiveCfg = Debug|Any CPU
		{B1C534AD-8018-45DA-8E2B-33DE87515DE2}.Debug|Any CPU.Build.0 = Debug|Any CPU
		{B1C534AD-8018-45DA-8E2B-33DE87515DE2}.Release|Any CPU.ActiveCfg = Release|Any CPU
		{B1C534AD-8018-45DA-8E2B-33DE87515DE2}.Release|Any CPU.Build.0 = Release|Any CPU
		{E20A5397-1765-46BB-A64C-2BEED2647518}.Debug|Any CPU.ActiveCfg = Debug|Any CPU
		{E20A5397-1765-46BB-A64C-2BEED2647518}.Debug|Any CPU.Build.0 = Debug|Any CPU
		{E20A5397-1765-46BB-A64C-2BEED2647518}.Release|Any CPU.ActiveCfg = Release|Any CPU
		{E20A5397-1765-46BB-A64C-2BEED2647518}.Release|Any CPU.Build.0 = Release|Any CPU
		{688054A3-494E-4DE4-B138-ADAE6A787345}.Debug|Any CPU.ActiveCfg = Debug|Any CPU
		{688054A3-494E-4DE4-B138-ADAE6A787345}.Debug|Any CPU.Build.0 = Debug|Any CPU
		{688054A3-494E-4DE4-B138-ADAE6A787345}.Release|Any CPU.ActiveCfg = Release|Any CPU
		{688054A3-494E-4DE4-B138-ADAE6A787345}.Release|Any CPU.Build.0 = Release|Any CPU
		{D8C41C10-6F8A-4948-B761-FB45F579124D}.Debug|Any CPU.ActiveCfg = Debug|Any CPU
		{D8C41C10-6F8A-4948-B761-FB45F579124D}.Debug|Any CPU.Build.0 = Debug|Any CPU
		{D8C41C10-6F8A-4948-B761-FB45F579124D}.Release|Any CPU.ActiveCfg = Release|Any CPU
		{D8C41C10-6F8A-4948-B761-FB45F579124D}.Release|Any CPU.Build.0 = Release|Any CPU
		{2ED895FB-0451-40D9-A137-8EC20132295D}.Debug|Any CPU.ActiveCfg = Debug|Any CPU
		{2ED895FB-0451-40D9-A137-8EC20132295D}.Debug|Any CPU.Build.0 = Debug|Any CPU
		{2ED895FB-0451-40D9-A137-8EC20132295D}.Release|Any CPU.ActiveCfg = Release|Any CPU
		{2ED895FB-0451-40D9-A137-8EC20132295D}.Release|Any CPU.Build.0 = Release|Any CPU
	EndGlobalSection
	GlobalSection(SolutionProperties) = preSolution
		HideSolutionNode = FALSE
	EndGlobalSection
	GlobalSection(NestedProjects) = preSolution
		{06C079C2-2FAA-4A4F-9A74-3480017BAA68} = {B60A2676-DD1E-4894-B3E9-B7D4FC96923E}
		{7E0B6633-DD3C-4A9D-B96E-6629A247122C} = {9361E7EB-EF8A-43DE-9958-1F62458E3878}
		{B1C534AD-8018-45DA-8E2B-33DE87515DE2} = {F6D12BF0-F835-46B6-9448-627B5136AFC5}
		{E20A5397-1765-46BB-A64C-2BEED2647518} = {93E8D63A-2EFA-44D1-A91E-B6CC497EB471}
		{688054A3-494E-4DE4-B138-ADAE6A787345} = {93E8D63A-2EFA-44D1-A91E-B6CC497EB471}
		{D8C41C10-6F8A-4948-B761-FB45F579124D} = {81AE9CBA-EF01-43DD-9049-54C4B949D1EF}
		{2ED895FB-0451-40D9-A137-8EC20132295D} = {F914A90C-2AEF-4BFA-B29A-97C8A93DB423}
	EndGlobalSection
	GlobalSection(ExtensibilityGlobals) = postSolution
		SolutionGuid = {E24CFE8D-4B5D-4914-A6B0-ED49EC717953}
	EndGlobalSection
EndGlobal
